
Microsoft Visual Studio Solution File, Format Version 12.00
# Visual Studio Version 17
VisualStudioVersion = 17.2.32516.85
MinimumVisualStudioVersion = 10.0.40219.1
Project("{FAE04EC0-301F-11D3-BF4B-00C04F79EFBC}") = "domacioop", "domacioop\domacioop.csproj", "{FF411A7C-2770-4F35-B080-4D2C15581460}"
EndProject
Global
	GlobalSection(SolutionConfigurationPlatforms) = preSolution
		Debug|Any CPU = Debug|Any CPU
		Release|Any CPU = Release|Any CPU
	EndGlobalSection
	GlobalSection(ProjectConfigurationPlatforms) = postSolution
		{FF411A7C-2770-4F35-B080-4D2C15581460}.Debug|Any CPU.ActiveCfg = Debug|Any CPU
		{FF411A7C-2770-4F35-B080-4D2C15581460}.Debug|Any CPU.Build.0 = Debug|Any CPU
		{FF411A7C-2770-4F35-B080-4D2C15581460}.Release|Any CPU.ActiveCfg = Release|Any CPU
		{FF411A7C-2770-4F35-B080-4D2C15581460}.Release|Any CPU.Build.0 = Release|Any CPU
	EndGlobalSection
	GlobalSection(SolutionProperties) = preSolution
		HideSolutionNode = FALSE
	EndGlobalSection
	GlobalSection(ExtensibilityGlobals) = postSolution
		SolutionGuid = {585C6A72-0D32-4E00-8784-5A9E1B230C44}
	EndGlobalSection
EndGlobal
